
Microsoft Visual Studio Solution File, Format Version 12.00
# Visual Studio Version 16
VisualStudioVersion = 16.0.30907.101
MinimumVisualStudioVersion = 10.0.40219.1
Project("{FAE04EC0-301F-11D3-BF4B-00C04F79EFBC}") = "Lab2.4", "Lab2.4\Lab2.4.csproj", "{40DB2F70-BBDB-4BC2-955C-D087B9E7479D}"
EndProject
Global
	GlobalSection(SolutionConfigurationPlatforms) = preSolution
		Debug|Any CPU = Debug|Any CPU
		Release|Any CPU = Release|Any CPU
	EndGlobalSection
	GlobalSection(ProjectConfigurationPlatforms) = postSolution
		{40DB2F70-BBDB-4BC2-955C-D087B9E7479D}.Debug|Any CPU.ActiveCfg = Debug|Any CPU
		{40DB2F70-BBDB-4BC2-955C-D087B9E7479D}.Debug|Any CPU.Build.0 = Debug|Any CPU
		{40DB2F70-BBDB-4BC2-955C-D087B9E7479D}.Release|Any CPU.ActiveCfg = Release|Any CPU
		{40DB2F70-BBDB-4BC2-955C-D087B9E7479D}.Release|Any CPU.Build.0 = Release|Any CPU
	EndGlobalSection
	GlobalSection(SolutionProperties) = preSolution
		HideSolutionNode = FALSE
	EndGlobalSection
	GlobalSection(ExtensibilityGlobals) = postSolution
		SolutionGuid = {74E41184-F454-48A5-A1FE-EC0896A9A573}
	EndGlobalSection
EndGlobal
