
Microsoft Visual Studio Solution File, Format Version 12.00
# Visual Studio Version 16
VisualStudioVersion = 16.0.30907.101
MinimumVisualStudioVersion = 10.0.40219.1
Project("{FAE04EC0-301F-11D3-BF4B-00C04F79EFBC}") = "Lab_Task_3", "Lab_Task_3\Lab_Task_3.csproj", "{BD2B0142-4611-4127-A132-81EC9606706E}"
EndProject
Global
	GlobalSection(SolutionConfigurationPlatforms) = preSolution
		Debug|Any CPU = Debug|Any CPU
		Release|Any CPU = Release|Any CPU
	EndGlobalSection
	GlobalSection(ProjectConfigurationPlatforms) = postSolution
		{BD2B0142-4611-4127-A132-81EC9606706E}.Debug|Any CPU.ActiveCfg = Debug|Any CPU
		{BD2B0142-4611-4127-A132-81EC9606706E}.Debug|Any CPU.Build.0 = Debug|Any CPU
		{BD2B0142-4611-4127-A132-81EC9606706E}.Release|Any CPU.ActiveCfg = Release|Any CPU
		{BD2B0142-4611-4127-A132-81EC9606706E}.Release|Any CPU.Build.0 = Release|Any CPU
	EndGlobalSection
	GlobalSection(SolutionProperties) = preSolution
		HideSolutionNode = FALSE
	EndGlobalSection
	GlobalSection(ExtensibilityGlobals) = postSolution
		SolutionGuid = {BAF2E454-A0E0-4182-BD86-549CD750E74D}
	EndGlobalSection
EndGlobal
